
Microsoft Visual Studio Solution File, Format Version 12.00
# Visual Studio Version 16
VisualStudioVersion = 16.0.31613.86
MinimumVisualStudioVersion = 10.0.40219.1
Project("{FAE04EC0-301F-11D3-BF4B-00C04F79EFBC}") = "PhoneBook", "PhoneBook\PhoneBook.csproj", "{45C98C12-BDFB-48DE-BF07-0C650FB0D1D9}"
EndProject
Global
	GlobalSection(SolutionConfigurationPlatforms) = preSolution
		Debug|Any CPU = Debug|Any CPU
		Release|Any CPU = Release|Any CPU
	EndGlobalSection
	GlobalSection(ProjectConfigurationPlatforms) = postSolution
		{45C98C12-BDFB-48DE-BF07-0C650FB0D1D9}.Debug|Any CPU.ActiveCfg = Debug|Any CPU
		{45C98C12-BDFB-48DE-BF07-0C650FB0D1D9}.Debug|Any CPU.Build.0 = Debug|Any CPU
		{45C98C12-BDFB-48DE-BF07-0C650FB0D1D9}.Release|Any CPU.ActiveCfg = Release|Any CPU
		{45C98C12-BDFB-48DE-BF07-0C650FB0D1D9}.Release|Any CPU.Build.0 = Release|Any CPU
	EndGlobalSection
	GlobalSection(SolutionProperties) = preSolution
		HideSolutionNode = FALSE
	EndGlobalSection
	GlobalSection(ExtensibilityGlobals) = postSolution
		SolutionGuid = {51E151F2-9872-4DF6-B18C-7EC5D8A5174B}
	EndGlobalSection
EndGlobal
